
Microsoft Visual Studio Solution File, Format Version 12.00
# Visual Studio Version 17
VisualStudioVersion = 17.3.32929.385
MinimumVisualStudioVersion = 10.0.40219.1
Project("{9A19103F-16F7-4668-BE54-9A1E7A4F7556}") = "WebApplication3", "WebApplication3\WebApplication3.csproj", "{C1B4B68C-338D-4BDF-A6AF-A4258C25167A}"
	ProjectSection(ProjectDependencies) = postProject
		{16A38575-06B7-4C2B-A822-6AA045378C2C} = {16A38575-06B7-4C2B-A822-6AA045378C2C}
		{1B2871BD-ACEB-45B8-9AE6-E608FEB5B701} = {1B2871BD-ACEB-45B8-9AE6-E608FEB5B701}
		{8C2C6AB7-DC8E-46A3-A065-D2181B471295} = {8C2C6AB7-DC8E-46A3-A065-D2181B471295}
		{BBECA370-36D7-4ECD-A4D5-EDBC59321913} = {BBECA370-36D7-4ECD-A4D5-EDBC59321913}
	EndProjectSection
EndProject
Project("{FAE04EC0-301F-11D3-BF4B-00C04F79EFBC}") = "RepositoryLayer", "RepositoryLayer\RepositoryLayer.csproj", "{8C2C6AB7-DC8E-46A3-A065-D2181B471295}"
EndProject
Project("{FAE04EC0-301F-11D3-BF4B-00C04F79EFBC}") = "ServiceLayer", "ServiceLayer\ServiceLayer.csproj", "{BBECA370-36D7-4ECD-A4D5-EDBC59321913}"
EndProject
Project("{FAE04EC0-301F-11D3-BF4B-00C04F79EFBC}") = "HelperLayer", "HelperLayer\HelperLayer.csproj", "{1B2871BD-ACEB-45B8-9AE6-E608FEB5B701}"
EndProject
Project("{FAE04EC0-301F-11D3-BF4B-00C04F79EFBC}") = "SecurityLayer", "SecurityLayer\SecurityLayer.csproj", "{16A38575-06B7-4C2B-A822-6AA045378C2C}"
EndProject
Project("{FAE04EC0-301F-11D3-BF4B-00C04F79EFBC}") = "WebApplicationAPI1", "WebApplicationAPI1\WebApplicationAPI1.csproj", "{E6E4764E-139A-4BEF-BE6B-754C1C39022E}"
	ProjectSection(ProjectDependencies) = postProject
		{16A38575-06B7-4C2B-A822-6AA045378C2C} = {16A38575-06B7-4C2B-A822-6AA045378C2C}
		{8C2C6AB7-DC8E-46A3-A065-D2181B471295} = {8C2C6AB7-DC8E-46A3-A065-D2181B471295}
		{BBECA370-36D7-4ECD-A4D5-EDBC59321913} = {BBECA370-36D7-4ECD-A4D5-EDBC59321913}
	EndProjectSection
EndProject
Global
	GlobalSection(SolutionConfigurationPlatforms) = preSolution
		Debug|Any CPU = Debug|Any CPU
		Release|Any CPU = Release|Any CPU
	EndGlobalSection
	GlobalSection(ProjectConfigurationPlatforms) = postSolution
		{C1B4B68C-338D-4BDF-A6AF-A4258C25167A}.Debug|Any CPU.ActiveCfg = Debug|Any CPU
		{C1B4B68C-338D-4BDF-A6AF-A4258C25167A}.Debug|Any CPU.Build.0 = Debug|Any CPU
		{C1B4B68C-338D-4BDF-A6AF-A4258C25167A}.Release|Any CPU.ActiveCfg = Release|Any CPU
		{C1B4B68C-338D-4BDF-A6AF-A4258C25167A}.Release|Any CPU.Build.0 = Release|Any CPU
		{8C2C6AB7-DC8E-46A3-A065-D2181B471295}.Debug|Any CPU.ActiveCfg = Debug|Any CPU
		{8C2C6AB7-DC8E-46A3-A065-D2181B471295}.Debug|Any CPU.Build.0 = Debug|Any CPU
		{8C2C6AB7-DC8E-46A3-A065-D2181B471295}.Release|Any CPU.ActiveCfg = Release|Any CPU
		{8C2C6AB7-DC8E-46A3-A065-D2181B471295}.Release|Any CPU.Build.0 = Release|Any CPU
		{BBECA370-36D7-4ECD-A4D5-EDBC59321913}.Debug|Any CPU.ActiveCfg = Debug|Any CPU
		{BBECA370-36D7-4ECD-A4D5-EDBC59321913}.Debug|Any CPU.Build.0 = Debug|Any CPU
		{BBECA370-36D7-4ECD-A4D5-EDBC59321913}.Release|Any CPU.ActiveCfg = Release|Any CPU
		{BBECA370-36D7-4ECD-A4D5-EDBC59321913}.Release|Any CPU.Build.0 = Release|Any CPU
		{1B2871BD-ACEB-45B8-9AE6-E608FEB5B701}.Debug|Any CPU.ActiveCfg = Debug|Any CPU
		{1B2871BD-ACEB-45B8-9AE6-E608FEB5B701}.Debug|Any CPU.Build.0 = Debug|Any CPU
		{1B2871BD-ACEB-45B8-9AE6-E608FEB5B701}.Release|Any CPU.ActiveCfg = Release|Any CPU
		{1B2871BD-ACEB-45B8-9AE6-E608FEB5B701}.Release|Any CPU.Build.0 = Release|Any CPU
		{16A38575-06B7-4C2B-A822-6AA045378C2C}.Debug|Any CPU.ActiveCfg = Debug|Any CPU
		{16A38575-06B7-4C2B-A822-6AA045378C2C}.Debug|Any CPU.Build.0 = Debug|Any CPU
		{16A38575-06B7-4C2B-A822-6AA045378C2C}.Release|Any CPU.ActiveCfg = Release|Any CPU
		{16A38575-06B7-4C2B-A822-6AA045378C2C}.Release|Any CPU.Build.0 = Release|Any CPU
		{E6E4764E-139A-4BEF-BE6B-754C1C39022E}.Debug|Any CPU.ActiveCfg = Debug|Any CPU
		{E6E4764E-139A-4BEF-BE6B-754C1C39022E}.Debug|Any CPU.Build.0 = Debug|Any CPU
		{E6E4764E-139A-4BEF-BE6B-754C1C39022E}.Release|Any CPU.ActiveCfg = Release|Any CPU
		{E6E4764E-139A-4BEF-BE6B-754C1C39022E}.Release|Any CPU.Build.0 = Release|Any CPU
	EndGlobalSection
	GlobalSection(SolutionProperties) = preSolution
		HideSolutionNode = FALSE
	EndGlobalSection
	GlobalSection(ExtensibilityGlobals) = postSolution
		SolutionGuid = {8D082E1F-AE53-4CA5-A0D9-04D96764B337}
	EndGlobalSection
EndGlobal
